
Microsoft Visual Studio Solution File, Format Version 12.00
# Visual Studio Version 17
VisualStudioVersion = 17.10.35122.118
MinimumVisualStudioVersion = 10.0.40219.1
Project("{FAE04EC0-301F-11D3-BF4B-00C04F79EFBC}") = "Ex_01_MasterDetails", "Ex_01_MasterDetails\Ex_01_MasterDetails.csproj", "{1C7D3336-682B-4A70-8AD9-6959294BDECF}"
EndProject
Global
	GlobalSection(SolutionConfigurationPlatforms) = preSolution
		Debug|Any CPU = Debug|Any CPU
		Release|Any CPU = Release|Any CPU
	EndGlobalSection
	GlobalSection(ProjectConfigurationPlatforms) = postSolution
		{1C7D3336-682B-4A70-8AD9-6959294BDECF}.Debug|Any CPU.ActiveCfg = Debug|Any CPU
		{1C7D3336-682B-4A70-8AD9-6959294BDECF}.Debug|Any CPU.Build.0 = Debug|Any CPU
		{1C7D3336-682B-4A70-8AD9-6959294BDECF}.Release|Any CPU.ActiveCfg = Release|Any CPU
		{1C7D3336-682B-4A70-8AD9-6959294BDECF}.Release|Any CPU.Build.0 = Release|Any CPU
	EndGlobalSection
	GlobalSection(SolutionProperties) = preSolution
		HideSolutionNode = FALSE
	EndGlobalSection
	GlobalSection(ExtensibilityGlobals) = postSolution
		SolutionGuid = {B5967128-20AA-48A2-9C74-FDC53ADD7442}
	EndGlobalSection
EndGlobal
